
Microsoft Visual Studio Solution File, Format Version 12.00
# Visual Studio 15
VisualStudioVersion = 15.0.28307.329
MinimumVisualStudioVersion = 10.0.40219.1
Project("{FAE04EC0-301F-11D3-BF4B-00C04F79EFBC}") = "Prism7-Master", "Prism7-Master\Prism7-Master.csproj", "{18CDB355-AE8E-4945-8163-968E6370A7CE}"
EndProject
Global
	GlobalSection(SolutionConfigurationPlatforms) = preSolution
		Debug|Any CPU = Debug|Any CPU
		Release|Any CPU = Release|Any CPU
	EndGlobalSection
	GlobalSection(ProjectConfigurationPlatforms) = postSolution
		{18CDB355-AE8E-4945-8163-968E6370A7CE}.Debug|Any CPU.ActiveCfg = Debug|Any CPU
		{18CDB355-AE8E-4945-8163-968E6370A7CE}.Debug|Any CPU.Build.0 = Debug|Any CPU
		{18CDB355-AE8E-4945-8163-968E6370A7CE}.Release|Any CPU.ActiveCfg = Release|Any CPU
		{18CDB355-AE8E-4945-8163-968E6370A7CE}.Release|Any CPU.Build.0 = Release|Any CPU
	EndGlobalSection
	GlobalSection(SolutionProperties) = preSolution
		HideSolutionNode = FALSE
	EndGlobalSection
	GlobalSection(ExtensibilityGlobals) = postSolution
		SolutionGuid = {3BAA8E91-DEA9-42B1-9FCD-18708D9003D4}
	EndGlobalSection
EndGlobal
