
Microsoft Visual Studio Solution File, Format Version 12.00
# Visual Studio 15
VisualStudioVersion = 15.0.28307.329
MinimumVisualStudioVersion = 10.0.40219.1
Project("{FAE04EC0-301F-11D3-BF4B-00C04F79EFBC}") = "Prism7-Master", "Prism7-Master\Prism7-Master.csproj", "{18CDB355-AE8E-4945-8163-968E6370A7CE}"
EndProject
Project("{FAE04EC0-301F-11D3-BF4B-00C04F79EFBC}") = "Prism7-Master.Infrastructure", "Prism7-Master.Infrastructure\Prism7-Master.Infrastructure.csproj", "{B561A4F1-3F43-45EF-AED2-7A2D7132D983}"
EndProject
Project("{2150E333-8FDC-42A3-9474-1A3956D46DE8}") = "Modules", "Modules", "{8ACD9909-273D-4E61-80DE-D12F6A2F5BE2}"
EndProject
Project("{FAE04EC0-301F-11D3-BF4B-00C04F79EFBC}") = "ModuleMenu", "ModuleMenu\ModuleMenu.csproj", "{362EEB4F-0EB1-49C6-8A0B-794710B4F714}"
EndProject
Project("{FAE04EC0-301F-11D3-BF4B-00C04F79EFBC}") = "ModuleContent", "ModuleContent\ModuleContent.csproj", "{323FF40B-A0E9-4F6B-B5EE-61E06A3C37B7}"
EndProject
Project("{FAE04EC0-301F-11D3-BF4B-00C04F79EFBC}") = "ModuleContentB", "ModuleContentB\ModuleContentB.csproj", "{C19DD204-6AF3-4A9D-A9AD-905D4A2F5797}"
EndProject
Project("{FAE04EC0-301F-11D3-BF4B-00C04F79EFBC}") = "Prism7-Master.Helpers", "Prism7-Master.Helpers\Prism7-Master.Helpers.csproj", "{3BB72011-81F4-4A07-99AD-C7075A2186D9}"
EndProject
Global
	GlobalSection(SolutionConfigurationPlatforms) = preSolution
		Debug|Any CPU = Debug|Any CPU
		Release|Any CPU = Release|Any CPU
	EndGlobalSection
	GlobalSection(ProjectConfigurationPlatforms) = postSolution
		{18CDB355-AE8E-4945-8163-968E6370A7CE}.Debug|Any CPU.ActiveCfg = Debug|Any CPU
		{18CDB355-AE8E-4945-8163-968E6370A7CE}.Debug|Any CPU.Build.0 = Debug|Any CPU
		{18CDB355-AE8E-4945-8163-968E6370A7CE}.Release|Any CPU.ActiveCfg = Release|Any CPU
		{18CDB355-AE8E-4945-8163-968E6370A7CE}.Release|Any CPU.Build.0 = Release|Any CPU
		{B561A4F1-3F43-45EF-AED2-7A2D7132D983}.Debug|Any CPU.ActiveCfg = Debug|Any CPU
		{B561A4F1-3F43-45EF-AED2-7A2D7132D983}.Debug|Any CPU.Build.0 = Debug|Any CPU
		{B561A4F1-3F43-45EF-AED2-7A2D7132D983}.Release|Any CPU.ActiveCfg = Release|Any CPU
		{B561A4F1-3F43-45EF-AED2-7A2D7132D983}.Release|Any CPU.Build.0 = Release|Any CPU
		{362EEB4F-0EB1-49C6-8A0B-794710B4F714}.Debug|Any CPU.ActiveCfg = Debug|Any CPU
		{362EEB4F-0EB1-49C6-8A0B-794710B4F714}.Debug|Any CPU.Build.0 = Debug|Any CPU
		{362EEB4F-0EB1-49C6-8A0B-794710B4F714}.Release|Any CPU.ActiveCfg = Release|Any CPU
		{362EEB4F-0EB1-49C6-8A0B-794710B4F714}.Release|Any CPU.Build.0 = Release|Any CPU
		{323FF40B-A0E9-4F6B-B5EE-61E06A3C37B7}.Debug|Any CPU.ActiveCfg = Debug|Any CPU
		{323FF40B-A0E9-4F6B-B5EE-61E06A3C37B7}.Debug|Any CPU.Build.0 = Debug|Any CPU
		{323FF40B-A0E9-4F6B-B5EE-61E06A3C37B7}.Release|Any CPU.ActiveCfg = Release|Any CPU
		{323FF40B-A0E9-4F6B-B5EE-61E06A3C37B7}.Release|Any CPU.Build.0 = Release|Any CPU
		{C19DD204-6AF3-4A9D-A9AD-905D4A2F5797}.Debug|Any CPU.ActiveCfg = Debug|Any CPU
		{C19DD204-6AF3-4A9D-A9AD-905D4A2F5797}.Debug|Any CPU.Build.0 = Debug|Any CPU
		{C19DD204-6AF3-4A9D-A9AD-905D4A2F5797}.Release|Any CPU.ActiveCfg = Release|Any CPU
		{C19DD204-6AF3-4A9D-A9AD-905D4A2F5797}.Release|Any CPU.Build.0 = Release|Any CPU
		{3BB72011-81F4-4A07-99AD-C7075A2186D9}.Debug|Any CPU.ActiveCfg = Debug|Any CPU
		{3BB72011-81F4-4A07-99AD-C7075A2186D9}.Debug|Any CPU.Build.0 = Debug|Any CPU
		{3BB72011-81F4-4A07-99AD-C7075A2186D9}.Release|Any CPU.ActiveCfg = Release|Any CPU
		{3BB72011-81F4-4A07-99AD-C7075A2186D9}.Release|Any CPU.Build.0 = Release|Any CPU
	EndGlobalSection
	GlobalSection(SolutionProperties) = preSolution
		HideSolutionNode = FALSE
	EndGlobalSection
	GlobalSection(NestedProjects) = preSolution
		{362EEB4F-0EB1-49C6-8A0B-794710B4F714} = {8ACD9909-273D-4E61-80DE-D12F6A2F5BE2}
		{323FF40B-A0E9-4F6B-B5EE-61E06A3C37B7} = {8ACD9909-273D-4E61-80DE-D12F6A2F5BE2}
		{C19DD204-6AF3-4A9D-A9AD-905D4A2F5797} = {8ACD9909-273D-4E61-80DE-D12F6A2F5BE2}
	EndGlobalSection
	GlobalSection(ExtensibilityGlobals) = postSolution
		SolutionGuid = {3BAA8E91-DEA9-42B1-9FCD-18708D9003D4}
	EndGlobalSection
EndGlobal
